
Microsoft Visual Studio Solution File, Format Version 12.00
# Visual Studio Version 17
VisualStudioVersion = 17.0.31903.59
MinimumVisualStudioVersion = 10.0.40219.1
Project("{FAE04EC0-301F-11D3-BF4B-00C04F79EFBC}") = "TruckYard", "TruckYard.csproj", "{21FEC02E-2577-4421-885A-F245A935E426}"
EndProject
Project("{2150E333-8FDC-42A3-9474-1A3956D46DE8}") = "tests", "tests", "{0AB3BF05-4346-4AA6-1389-037BE0695223}"
EndProject
Project("{FAE04EC0-301F-11D3-BF4B-00C04F79EFBC}") = "TruckYard.Tests", "tests\TruckYard.Tests\TruckYard.Tests.csproj", "{F8A6FD84-A226-4955-B4F8-FF47AF95F9CE}"
EndProject
Global
	GlobalSection(SolutionConfigurationPlatforms) = preSolution
		Debug|Any CPU = Debug|Any CPU
		Debug|x64 = Debug|x64
		Debug|x86 = Debug|x86
		Release|Any CPU = Release|Any CPU
		Release|x64 = Release|x64
		Release|x86 = Release|x86
	EndGlobalSection
	GlobalSection(ProjectConfigurationPlatforms) = postSolution
		{21FEC02E-2577-4421-885A-F245A935E426}.Debug|Any CPU.ActiveCfg = Debug|Any CPU
		{21FEC02E-2577-4421-885A-F245A935E426}.Debug|Any CPU.Build.0 = Debug|Any CPU
		{21FEC02E-2577-4421-885A-F245A935E426}.Debug|x64.ActiveCfg = Debug|Any CPU
		{21FEC02E-2577-4421-885A-F245A935E426}.Debug|x64.Build.0 = Debug|Any CPU
		{21FEC02E-2577-4421-885A-F245A935E426}.Debug|x86.ActiveCfg = Debug|Any CPU
		{21FEC02E-2577-4421-885A-F245A935E426}.Debug|x86.Build.0 = Debug|Any CPU
		{21FEC02E-2577-4421-885A-F245A935E426}.Release|Any CPU.ActiveCfg = Release|Any CPU
		{21FEC02E-2577-4421-885A-F245A935E426}.Release|Any CPU.Build.0 = Release|Any CPU
		{21FEC02E-2577-4421-885A-F245A935E426}.Release|x64.ActiveCfg = Release|Any CPU
		{21FEC02E-2577-4421-885A-F245A935E426}.Release|x64.Build.0 = Release|Any CPU
		{21FEC02E-2577-4421-885A-F245A935E426}.Release|x86.ActiveCfg = Release|Any CPU
		{21FEC02E-2577-4421-885A-F245A935E426}.Release|x86.Build.0 = Release|Any CPU
		{F8A6FD84-A226-4955-B4F8-FF47AF95F9CE}.Debug|Any CPU.ActiveCfg = Debug|Any CPU
		{F8A6FD84-A226-4955-B4F8-FF47AF95F9CE}.Debug|Any CPU.Build.0 = Debug|Any CPU
		{F8A6FD84-A226-4955-B4F8-FF47AF95F9CE}.Debug|x64.ActiveCfg = Debug|Any CPU
		{F8A6FD84-A226-4955-B4F8-FF47AF95F9CE}.Debug|x64.Build.0 = Debug|Any CPU
		{F8A6FD84-A226-4955-B4F8-FF47AF95F9CE}.Debug|x86.ActiveCfg = Debug|Any CPU
		{F8A6FD84-A226-4955-B4F8-FF47AF95F9CE}.Debug|x86.Build.0 = Debug|Any CPU
		{F8A6FD84-A226-4955-B4F8-FF47AF95F9CE}.Release|Any CPU.ActiveCfg = Release|Any CPU
		{F8A6FD84-A226-4955-B4F8-FF47AF95F9CE}.Release|Any CPU.Build.0 = Release|Any CPU
		{F8A6FD84-A226-4955-B4F8-FF47AF95F9CE}.Release|x64.ActiveCfg = Release|Any CPU
		{F8A6FD84-A226-4955-B4F8-FF47AF95F9CE}.Release|x64.Build.0 = Release|Any CPU
		{F8A6FD84-A226-4955-B4F8-FF47AF95F9CE}.Release|x86.ActiveCfg = Release|Any CPU
		{F8A6FD84-A226-4955-B4F8-FF47AF95F9CE}.Release|x86.Build.0 = Release|Any CPU
	EndGlobalSection
	GlobalSection(SolutionProperties) = preSolution
		HideSolutionNode = FALSE
	EndGlobalSection
	GlobalSection(NestedProjects) = preSolution
		{F8A6FD84-A226-4955-B4F8-FF47AF95F9CE} = {0AB3BF05-4346-4AA6-1389-037BE0695223}
	EndGlobalSection
EndGlobal
